{
    "_meta": {
        "hash": {
            "sha256": "0063505a9b312b27adc6a72f771042bd13d82366a21d8382033739bd0281ac11"
        },
        "pipfile-spec": 6,
        "requires": {
            "python_version": "3.10"
        },
        "sources": [
            {
                "name": "pypi",
                "url": "https://pypi.org/simple",
                "verify_ssl": true
            }
        ]
    },
    "default": {
        "asgiref": {
            "hashes": [
                "sha256:3e1e3ecc849832fe52ccf2cb6686b7a55f82bb1d6aee72a58826471390335e47",
                "sha256:c343bd80a0bec947a9860adb4c432ffa7db769836c64238fc34bdc3fec84d590"
            ],
            "markers": "python_version >= '3.8'",
            "version": "==3.8.1"
        },
        "django": {
            "hashes": [
                "sha256:57fe1f1b59462caed092c80b3dd324fd92161b620d59a9ba9181c34746c97284",
                "sha256:a9b680e84f9a0e71da83e399f1e922e1ab37b2173ced046b541c72e1589a5961"
            ],
            "index": "pypi",
            "markers": "python_version >= '3.10'",
            "version": "==5.2.1"
        },
        "djangorestframework": {
            "hashes": [
                "sha256:bea7e9f6b96a8584c5224bfb2e4348dfb3f8b5e34edbecb98da258e892089361",
                "sha256:f022ff46613584de994c0c6a4aebbace5fd700555fbe9d33b865ebf173eba6c9"
            ],
            "index": "pypi",
            "markers": "python_version >= '3.9'",
            "version": "==3.16.0"
        },
        "mysqlclient": {
            "hashes": [
                "sha256:199dab53a224357dd0cb4d78ca0e54018f9cee9bf9ec68d72db50e0a23569076",
                "sha256:201a6faa301011dd07bca6b651fe5aaa546d7c9a5426835a06c3172e1056a3c5",
                "sha256:24ae22b59416d5fcce7e99c9d37548350b4565baac82f95e149cac6ce4163845",
                "sha256:2e3c11f7625029d7276ca506f8960a7fd3c5a0a0122c9e7404e6a8fe961b3d22",
                "sha256:4b4c0200890837fc64014cc938ef2273252ab544c1b12a6c1d674c23943f3f2e",
                "sha256:92af368ed9c9144737af569c86d3b6c74a012a6f6b792eb868384787b52bb585",
                "sha256:977e35244fe6ef44124e9a1c2d1554728a7b76695598e4b92b37dc2130503069",
                "sha256:a22d99d26baf4af68ebef430e3131bb5a9b722b79a9fcfac6d9bbf8a88800687"
            ],
            "index": "pypi",
            "markers": "python_version >= '3.8'",
            "version": "==2.2.7"
        },
        "sqlparse": {
            "hashes": [
                "sha256:09f67787f56a0b16ecdbde1bfc7f5d9c3371ca683cfeaa8e6ff60b4807ec9272",
                "sha256:cf2196ed3418f3ba5de6af7e82c694a9fbdbfecccdfc72e281548517081f16ca"
            ],
            "markers": "python_version >= '3.8'",
            "version": "==0.5.3"
        },
        "typing-extensions": {
            "hashes": [
                "sha256:a439e7c04b49fec3e5d3e2beaa21755cadbbdc391694e28ccdd36ca4a1408f8c",
                "sha256:e6c81219bd689f51865d9e372991c540bda33a0379d5573cddb9a3a23f7caaef"
            ],
            "markers": "python_version >= '3.8'",
            "version": "==4.13.2"
        },
        "tzdata": {
            "hashes": [
                "sha256:1a403fada01ff9221ca8044d701868fa132215d84beb92242d9acd2147f667a8",
                "sha256:b60a638fcc0daffadf82fe0f57e53d06bdec2f36c4df66280ae79bce6bd6f2b9"
            ],
            "markers": "python_version >= '2'",
            "version": "==2025.2"
        }
    },
    "develop": {}
}
